{
  "nodes": {
    "django-nixos": {
      "locked": {
        "lastModified": 1646809200,
        "narHash": "sha256-tQCMndhyra7cVV1izPvXmJ3pY6SMHIJ6ZhuENL+Tt98=",
        "owner": "pnmadelaine",
        "repo": "django-nixos",
        "rev": "0c30e449e404b8975c7f0c1a20d9ee227a244449",
        "type": "github"
      },
      "original": {
        "owner": "pnmadelaine",
        "repo": "django-nixos",
        "type": "github"
      }
    },
    "nixpkgs": {
      "locked": {
        "lastModified": 1641887635,
        "narHash": "sha256-kDGpufwzVaiGe5e1sBUBPo9f1YN+nYHJlYqCaVpZTQQ=",
        "owner": "NixOS",
        "repo": "nixpkgs",
        "rev": "b2737d4980a17cc2b7d600d7d0b32fd7333aca88",
        "type": "github"
      },
      "original": {
        "id": "nixpkgs",
        "type": "indirect"
      }
    },
    "root": {
      "inputs": {
        "django-nixos": "django-nixos",
        "nixpkgs": "nixpkgs"
      }
    }
  },
  "root": "root",
  "version": 7
}
