{
  "nodes": {
    "django-nixos": {
      "locked": {
        "lastModified": 1642402800,
        "narHash": "sha256-BrsOBGymjgl8tS8nXETGqyN4p9oAFTDQFnVWifZrCq0=",
        "owner": "pnmadelaine",
        "repo": "django-nixos",
        "rev": "31d154470c32ecdc87961b052e5641b852de3a6c",
        "type": "github"
      },
      "original": {
        "owner": "pnmadelaine",
        "repo": "django-nixos",
        "type": "github"
      }
    },
    "nixpkgs": {
      "locked": {
        "lastModified": 1641887635,
        "narHash": "sha256-kDGpufwzVaiGe5e1sBUBPo9f1YN+nYHJlYqCaVpZTQQ=",
        "owner": "NixOS",
        "repo": "nixpkgs",
        "rev": "b2737d4980a17cc2b7d600d7d0b32fd7333aca88",
        "type": "github"
      },
      "original": {
        "id": "nixpkgs",
        "type": "indirect"
      }
    },
    "root": {
      "inputs": {
        "django-nixos": "django-nixos",
        "nixpkgs": "nixpkgs"
      }
    }
  },
  "root": "root",
  "version": 7
}
